
Microsoft Visual Studio Solution File, Format Version 12.00
# Visual Studio Version 17
VisualStudioVersion = 17.1.32319.34
MinimumVisualStudioVersion = 10.0.40219.1
Project("{FAE04EC0-301F-11D3-BF4B-00C04F79EFBC}") = "Прак 1", "Прак 1.csproj", "{26F21946-790D-41DC-B138-061C80DE151D}"
EndProject
Global
	GlobalSection(SolutionConfigurationPlatforms) = preSolution
		Debug|Any CPU = Debug|Any CPU
		Release|Any CPU = Release|Any CPU
	EndGlobalSection
	GlobalSection(ProjectConfigurationPlatforms) = postSolution
		{26F21946-790D-41DC-B138-061C80DE151D}.Debug|Any CPU.ActiveCfg = Debug|Any CPU
		{26F21946-790D-41DC-B138-061C80DE151D}.Debug|Any CPU.Build.0 = Debug|Any CPU
		{26F21946-790D-41DC-B138-061C80DE151D}.Release|Any CPU.ActiveCfg = Release|Any CPU
		{26F21946-790D-41DC-B138-061C80DE151D}.Release|Any CPU.Build.0 = Release|Any CPU
	EndGlobalSection
	GlobalSection(SolutionProperties) = preSolution
		HideSolutionNode = FALSE
	EndGlobalSection
	GlobalSection(ExtensibilityGlobals) = postSolution
		SolutionGuid = {7DB912EA-6F00-467A-8BF8-C4DD64E2B545}
	EndGlobalSection
EndGlobal
